// !$*UTF8*$!
{
	archiveVersion = 1;
	classes = {
	};
	objectVersion = 56;
	objects = {

/* Begin PBXBuildFile section */
		8D567E152C4516BD0005264F /* ImageCellViewMolde.swift in Sources */ = {isa = PBXBuildFile; fileRef = 8D567E142C4516BD0005264F /* ImageCellViewMolde.swift */; };
		8DECD28D2C39518E0046AE74 /* AppDelegate.swift in Sources */ = {isa = PBXBuildFile; fileRef = 8DECD28C2C39518E0046AE74 /* AppDelegate.swift */; };
		8DECD28F2C39518E0046AE74 /* SceneDelegate.swift in Sources */ = {isa = PBXBuildFile; fileRef = 8DECD28E2C39518E0046AE74 /* SceneDelegate.swift */; };
		8DECD2962C39518F0046AE74 /* Assets.xcassets in Resources */ = {isa = PBXBuildFile; fileRef = 8DECD2952C39518F0046AE74 /* Assets.xcassets */; };
		8DECD2B52C3996F10046AE74 /* GalleryViewController.swift in Sources */ = {isa = PBXBuildFile; fileRef = 8DECD2B42C3996F10046AE74 /* GalleryViewController.swift */; };
		8DECD2B72C39AFED0046AE74 /* ImageModel.swift in Sources */ = {isa = PBXBuildFile; fileRef = 8DECD2B62C39AFED0046AE74 /* ImageModel.swift */; };
		8DECD2B92C39B3AC0046AE74 /* ImageCell.swift in Sources */ = {isa = PBXBuildFile; fileRef = 8DECD2B82C39B3AC0046AE74 /* ImageCell.swift */; };
		8DECD2BB2C39BE300046AE74 /* GalleryViewModel.swift in Sources */ = {isa = PBXBuildFile; fileRef = 8DECD2BA2C39BE300046AE74 /* GalleryViewModel.swift */; };
		8DECD2C12C39C97E0046AE74 /* APIManager.swift in Sources */ = {isa = PBXBuildFile; fileRef = 8DECD2C02C39C97E0046AE74 /* APIManager.swift */; };
		8DECD2C32C39D67A0046AE74 /* StartViewController.swift in Sources */ = {isa = PBXBuildFile; fileRef = 8DECD2C22C39D67A0046AE74 /* StartViewController.swift */; };
		8DECD2C52C3A5FB70046AE74 /* ImageDetailViewController.swift in Sources */ = {isa = PBXBuildFile; fileRef = 8DECD2C42C3A5FB70046AE74 /* ImageDetailViewController.swift */; };
		C38513A13CA9D4A738AFAC70 /* Pods_testovoe.framework in Frameworks */ = {isa = PBXBuildFile; fileRef = 064D75C7C7A66EFA5254B58E /* Pods_testovoe.framework */; };
/* End PBXBuildFile section */

/* Begin PBXFileReference section */
		060AAC18AF5D944B83EE3423 /* Pods-testovoe.debug.xcconfig */ = {isa = PBXFileReference; includeInIndex = 1; lastKnownFileType = text.xcconfig; name = "Pods-testovoe.debug.xcconfig"; path = "Target Support Files/Pods-testovoe/Pods-testovoe.debug.xcconfig"; sourceTree = "<group>"; };
		064D75C7C7A66EFA5254B58E /* Pods_testovoe.framework */ = {isa = PBXFileReference; explicitFileType = wrapper.framework; includeInIndex = 0; path = Pods_testovoe.framework; sourceTree = BUILT_PRODUCTS_DIR; };
		8D567E142C4516BD0005264F /* ImageCellViewMolde.swift */ = {isa = PBXFileReference; lastKnownFileType = sourcecode.swift; path = ImageCellViewMolde.swift; sourceTree = "<group>"; };
		8DECD2892C39518E0046AE74 /* testovoe.app */ = {isa = PBXFileReference; explicitFileType = wrapper.application; includeInIndex = 0; path = testovoe.app; sourceTree = BUILT_PRODUCTS_DIR; };
		8DECD28C2C39518E0046AE74 /* AppDelegate.swift */ = {isa = PBXFileReference; lastKnownFileType = sourcecode.swift; path = AppDelegate.swift; sourceTree = "<group>"; };
		8DECD28E2C39518E0046AE74 /* SceneDelegate.swift */ = {isa = PBXFileReference; lastKnownFileType = sourcecode.swift; path = SceneDelegate.swift; sourceTree = "<group>"; };
		8DECD2952C39518F0046AE74 /* Assets.xcassets */ = {isa = PBXFileReference; lastKnownFileType = folder.assetcatalog; path = Assets.xcassets; sourceTree = "<group>"; };
		8DECD29A2C39518F0046AE74 /* Info.plist */ = {isa = PBXFileReference; lastKnownFileType = text.plist.xml; path = Info.plist; sourceTree = "<group>"; };
		8DECD2B42C3996F10046AE74 /* GalleryViewController.swift */ = {isa = PBXFileReference; lastKnownFileType = sourcecode.swift; path = GalleryViewController.swift; sourceTree = "<group>"; };
		8DECD2B62C39AFED0046AE74 /* ImageModel.swift */ = {isa = PBXFileReference; lastKnownFileType = sourcecode.swift; path = ImageModel.swift; sourceTree = "<group>"; };
		8DECD2B82C39B3AC0046AE74 /* ImageCell.swift */ = {isa = PBXFileReference; lastKnownFileType = sourcecode.swift; path = ImageCell.swift; sourceTree = "<group>"; };
		8DECD2BA2C39BE300046AE74 /* GalleryViewModel.swift */ = {isa = PBXFileReference; lastKnownFileType = sourcecode.swift; path = GalleryViewModel.swift; sourceTree = "<group>"; };
		8DECD2C02C39C97E0046AE74 /* APIManager.swift */ = {isa = PBXFileReference; lastKnownFileType = sourcecode.swift; path = APIManager.swift; sourceTree = "<group>"; };
		8DECD2C22C39D67A0046AE74 /* StartViewController.swift */ = {isa = PBXFileReference; lastKnownFileType = sourcecode.swift; path = StartViewController.swift; sourceTree = "<group>"; };
		8DECD2C42C3A5FB70046AE74 /* ImageDetailViewController.swift */ = {isa = PBXFileReference; lastKnownFileType = sourcecode.swift; path = ImageDetailViewController.swift; sourceTree = "<group>"; };
		DFB53020B00CCEFB46D90E9A /* Pods-testovoe.release.xcconfig */ = {isa = PBXFileReference; includeInIndex = 1; lastKnownFileType = text.xcconfig; name = "Pods-testovoe.release.xcconfig"; path = "Target Support Files/Pods-testovoe/Pods-testovoe.release.xcconfig"; sourceTree = "<group>"; };
/* End PBXFileReference section */

/* Begin PBXFrameworksBuildPhase section */
		8DECD2862C39518E0046AE74 /* Frameworks */ = {
			isa = PBXFrameworksBuildPhase;
			buildActionMask = 2147483647;
			files = (
				C38513A13CA9D4A738AFAC70 /* Pods_testovoe.framework in Frameworks */,
			);
			runOnlyForDeploymentPostprocessing = 0;
		};
/* End PBXFrameworksBuildPhase section */

/* Begin PBXGroup section */
		8DECD2802C39518D0046AE74 = {
			isa = PBXGroup;
			children = (
				8DECD28B2C39518E0046AE74 /* testovoe */,
				8DECD28A2C39518E0046AE74 /* Products */,
				A9E0466AEFC6D55728ED1267 /* Pods */,
				FEA37016F04DAE6A8AD4129D /* Frameworks */,
			);
			sourceTree = "<group>";
		};
		8DECD28A2C39518E0046AE74 /* Products */ = {
			isa = PBXGroup;
			children = (
				8DECD2892C39518E0046AE74 /* testovoe.app */,
			);
			name = Products;
			sourceTree = "<group>";
		};
		8DECD28B2C39518E0046AE74 /* testovoe */ = {
			isa = PBXGroup;
			children = (
				8DECD2A42C39547D0046AE74 /* Views */,
				8DECD2A32C3954710046AE74 /* ViewModels */,
				8DECD2A22C3954620046AE74 /* Models */,
				8DECD2A52C3954850046AE74 /* Network */,
				8DECD2A02C3952770046AE74 /* Delegate */,
				8DECD2A12C3952840046AE74 /* Supporting Files */,
			);
			path = testovoe;
			sourceTree = "<group>";
		};
		8DECD2A02C3952770046AE74 /* Delegate */ = {
			isa = PBXGroup;
			children = (
				8DECD28C2C39518E0046AE74 /* AppDelegate.swift */,
				8DECD28E2C39518E0046AE74 /* SceneDelegate.swift */,
			);
			path = Delegate;
			sourceTree = "<group>";
		};
		8DECD2A12C3952840046AE74 /* Supporting Files */ = {
			isa = PBXGroup;
			children = (
				8DECD2952C39518F0046AE74 /* Assets.xcassets */,
				8DECD29A2C39518F0046AE74 /* Info.plist */,
			);
			path = "Supporting Files";
			sourceTree = "<group>";
		};
		8DECD2A22C3954620046AE74 /* Models */ = {
			isa = PBXGroup;
			children = (
				8DECD2B62C39AFED0046AE74 /* ImageModel.swift */,
			);
			path = Models;
			sourceTree = "<group>";
		};
		8DECD2A32C3954710046AE74 /* ViewModels */ = {
			isa = PBXGroup;
			children = (
				8DECD2BA2C39BE300046AE74 /* GalleryViewModel.swift */,
				8D567E142C4516BD0005264F /* ImageCellViewMolde.swift */,
			);
			path = ViewModels;
			sourceTree = "<group>";
		};
		8DECD2A42C39547D0046AE74 /* Views */ = {
			isa = PBXGroup;
			children = (
				8DECD2C22C39D67A0046AE74 /* StartViewController.swift */,
				8DECD2B42C3996F10046AE74 /* GalleryViewController.swift */,
				8DECD2C42C3A5FB70046AE74 /* ImageDetailViewController.swift */,
				8DECD2B82C39B3AC0046AE74 /* ImageCell.swift */,
			);
			path = Views;
			sourceTree = "<group>";
		};
		8DECD2A52C3954850046AE74 /* Network */ = {
			isa = PBXGroup;
			children = (
				8DECD2C02C39C97E0046AE74 /* APIManager.swift */,
			);
			path = Network;
			sourceTree = "<group>";
		};
		A9E0466AEFC6D55728ED1267 /* Pods */ = {
			isa = PBXGroup;
			children = (
				060AAC18AF5D944B83EE3423 /* Pods-testovoe.debug.xcconfig */,
				DFB53020B00CCEFB46D90E9A /* Pods-testovoe.release.xcconfig */,
			);
			path = Pods;
			sourceTree = "<group>";
		};
		FEA37016F04DAE6A8AD4129D /* Frameworks */ = {
			isa = PBXGroup;
			children = (
				064D75C7C7A66EFA5254B58E /* Pods_testovoe.framework */,
			);
			name = Frameworks;
			sourceTree = "<group>";
		};
/* End PBXGroup section */

/* Begin PBXNativeTarget section */
		8DECD2882C39518E0046AE74 /* testovoe */ = {
			isa = PBXNativeTarget;
			buildConfigurationList = 8DECD29D2C39518F0046AE74 /* Build configuration list for PBXNativeTarget "testovoe" */;
			buildPhases = (
				804CD91154551C47B0C044C1 /* [CP] Check Pods Manifest.lock */,
				8DECD2852C39518E0046AE74 /* Sources */,
				8DECD2862C39518E0046AE74 /* Frameworks */,
				8DECD2872C39518E0046AE74 /* Resources */,
				031C1EF298F359C0FABD862D /* [CP] Embed Pods Frameworks */,
			);
			buildRules = (
			);
			dependencies = (
			);
			name = testovoe;
			productName = testovoe;
			productReference = 8DECD2892C39518E0046AE74 /* testovoe.app */;
			productType = "com.apple.product-type.application";
		};
/* End PBXNativeTarget section */

/* Begin PBXProject section */
		8DECD2812C39518E0046AE74 /* Project object */ = {
			isa = PBXProject;
			attributes = {
				BuildIndependentTargetsInParallel = 1;
				LastSwiftUpdateCheck = 1540;
				LastUpgradeCheck = 1540;
				TargetAttributes = {
					8DECD2882C39518E0046AE74 = {
						CreatedOnToolsVersion = 15.4;
					};
				};
			};
			buildConfigurationList = 8DECD2842C39518E0046AE74 /* Build configuration list for PBXProject "testovoe" */;
			compatibilityVersion = "Xcode 14.0";
			developmentRegion = en;
			hasScannedForEncodings = 0;
			knownRegions = (
				en,
				Base,
			);
			mainGroup = 8DECD2802C39518D0046AE74;
			productRefGroup = 8DECD28A2C39518E0046AE74 /* Products */;
			projectDirPath = "";
			projectRoot = "";
			targets = (
				8DECD2882C39518E0046AE74 /* testovoe */,
			);
		};
/* End PBXProject section */

/* Begin PBXResourcesBuildPhase section */
		8DECD2872C39518E0046AE74 /* Resources */ = {
			isa = PBXResourcesBuildPhase;
			buildActionMask = 2147483647;
			files = (
				8DECD2962C39518F0046AE74 /* Assets.xcassets in Resources */,
			);
			runOnlyForDeploymentPostprocessing = 0;
		};
/* End PBXResourcesBuildPhase section */

/* Begin PBXShellScriptBuildPhase section */
		031C1EF298F359C0FABD862D /* [CP] Embed Pods Frameworks */ = {
			isa = PBXShellScriptBuildPhase;
			buildActionMask = 2147483647;
			files = (
			);
			inputFileListPaths = (
				"${PODS_ROOT}/Target Support Files/Pods-testovoe/Pods-testovoe-frameworks-${CONFIGURATION}-input-files.xcfilelist",
			);
			name = "[CP] Embed Pods Frameworks";
			outputFileListPaths = (
				"${PODS_ROOT}/Target Support Files/Pods-testovoe/Pods-testovoe-frameworks-${CONFIGURATION}-output-files.xcfilelist",
			);
			runOnlyForDeploymentPostprocessing = 0;
			shellPath = /bin/sh;
			shellScript = "\"${PODS_ROOT}/Target Support Files/Pods-testovoe/Pods-testovoe-frameworks.sh\"\n";
			showEnvVarsInLog = 0;
		};
		804CD91154551C47B0C044C1 /* [CP] Check Pods Manifest.lock */ = {
			isa = PBXShellScriptBuildPhase;
			buildActionMask = 2147483647;
			files = (
			);
			inputFileListPaths = (
			);
			inputPaths = (
				"${PODS_PODFILE_DIR_PATH}/Podfile.lock",
				"${PODS_ROOT}/Manifest.lock",
			);
			name = "[CP] Check Pods Manifest.lock";
			outputFileListPaths = (
			);
			outputPaths = (
				"$(DERIVED_FILE_DIR)/Pods-testovoe-checkManifestLockResult.txt",
			);
			runOnlyForDeploymentPostprocessing = 0;
			shellPath = /bin/sh;
			shellScript = "diff \"${PODS_PODFILE_DIR_PATH}/Podfile.lock\" \"${PODS_ROOT}/Manifest.lock\" > /dev/null\nif [ $? != 0 ] ; then\n    # print error to STDERR\n    echo \"error: The sandbox is not in sync with the Podfile.lock. Run 'pod install' or update your CocoaPods installation.\" >&2\n    exit 1\nfi\n# This output is used by Xcode 'outputs' to avoid re-running this script phase.\necho \"SUCCESS\" > \"${SCRIPT_OUTPUT_FILE_0}\"\n";
			showEnvVarsInLog = 0;
		};
/* End PBXShellScriptBuildPhase section */

/* Begin PBXSourcesBuildPhase section */
		8DECD2852C39518E0046AE74 /* Sources */ = {
			isa = PBXSourcesBuildPhase;
			buildActionMask = 2147483647;
			files = (
				8DECD28D2C39518E0046AE74 /* AppDelegate.swift in Sources */,
				8DECD2C32C39D67A0046AE74 /* StartViewController.swift in Sources */,
				8DECD2BB2C39BE300046AE74 /* GalleryViewModel.swift in Sources */,
				8DECD2B52C3996F10046AE74 /* GalleryViewController.swift in Sources */,
				8DECD2B72C39AFED0046AE74 /* ImageModel.swift in Sources */,
				8DECD28F2C39518E0046AE74 /* SceneDelegate.swift in Sources */,
				8D567E152C4516BD0005264F /* ImageCellViewMolde.swift in Sources */,
				8DECD2B92C39B3AC0046AE74 /* ImageCell.swift in Sources */,
				8DECD2C52C3A5FB70046AE74 /* ImageDetailViewController.swift in Sources */,
				8DECD2C12C39C97E0046AE74 /* APIManager.swift in Sources */,
			);
			runOnlyForDeploymentPostprocessing = 0;
		};
/* End PBXSourcesBuildPhase section */

/* Begin XCBuildConfiguration section */
		8DECD29B2C39518F0046AE74 /* Debug */ = {
			isa = XCBuildConfiguration;
			buildSettings = {
				ALWAYS_SEARCH_USER_PATHS = NO;
				ASSETCATALOG_COMPILER_GENERATE_SWIFT_ASSET_SYMBOL_EXTENSIONS = YES;
				CLANG_ANALYZER_NONNULL = YES;
				CLANG_ANALYZER_NUMBER_OBJECT_CONVERSION = YES_AGGRESSIVE;
				CLANG_CXX_LANGUAGE_STANDARD = "gnu++20";
				CLANG_ENABLE_MODULES = YES;
				CLANG_ENABLE_OBJC_ARC = YES;
				CLANG_ENABLE_OBJC_WEAK = YES;
				CLANG_WARN_BLOCK_CAPTURE_AUTORELEASING = YES;
				CLANG_WARN_BOOL_CONVERSION = YES;
				CLANG_WARN_COMMA = YES;
				CLANG_WARN_CONSTANT_CONVERSION = YES;
				CLANG_WARN_DEPRECATED_OBJC_IMPLEMENTATIONS = YES;
				CLANG_WARN_DIRECT_OBJC_ISA_USAGE = YES_ERROR;
				CLANG_WARN_DOCUMENTATION_COMMENTS = YES;
				CLANG_WARN_EMPTY_BODY = YES;
				CLANG_WARN_ENUM_CONVERSION = YES;
				CLANG_WARN_INFINITE_RECURSION = YES;
				CLANG_WARN_INT_CONVERSION = YES;
				CLANG_WARN_NON_LITERAL_NULL_CONVERSION = YES;
				CLANG_WARN_OBJC_IMPLICIT_RETAIN_SELF = YES;
				CLANG_WARN_OBJC_LITERAL_CONVERSION = YES;
				CLANG_WARN_OBJC_ROOT_CLASS = YES_ERROR;
				CLANG_WARN_QUOTED_INCLUDE_IN_FRAMEWORK_HEADER = YES;
				CLANG_WARN_RANGE_LOOP_ANALYSIS = YES;
				CLANG_WARN_STRICT_PROTOTYPES = YES;
				CLANG_WARN_SUSPICIOUS_MOVE = YES;
				CLANG_WARN_UNGUARDED_AVAILABILITY = YES_AGGRESSIVE;
				CLANG_WARN_UNREACHABLE_CODE = YES;
				CLANG_WARN__DUPLICATE_METHOD_MATCH = YES;
				COPY_PHASE_STRIP = NO;
				DEBUG_INFORMATION_FORMAT = dwarf;
				ENABLE_STRICT_OBJC_MSGSEND = YES;
				ENABLE_TESTABILITY = YES;
				ENABLE_USER_SCRIPT_SANDBOXING = NO;
				GCC_C_LANGUAGE_STANDARD = gnu17;
				GCC_DYNAMIC_NO_PIC = NO;
				GCC_NO_COMMON_BLOCKS = YES;
				GCC_OPTIMIZATION_LEVEL = 0;
				GCC_PREPROCESSOR_DEFINITIONS = (
					"DEBUG=1",
					"$(inherited)",
				);
				GCC_WARN_64_TO_32_BIT_CONVERSION = YES;
				GCC_WARN_ABOUT_RETURN_TYPE = YES_ERROR;
				GCC_WARN_UNDECLARED_SELECTOR = YES;
				GCC_WARN_UNINITIALIZED_AUTOS = YES_AGGRESSIVE;
				GCC_WARN_UNUSED_FUNCTION = YES;
				GCC_WARN_UNUSED_VARIABLE = YES;
				IPHONEOS_DEPLOYMENT_TARGET = 17.5;
				LOCALIZATION_PREFERS_STRING_CATALOGS = YES;
				MTL_ENABLE_DEBUG_INFO = INCLUDE_SOURCE;
				MTL_FAST_MATH = YES;
				ONLY_ACTIVE_ARCH = YES;
				SDKROOT = iphoneos;
				SWIFT_ACTIVE_COMPILATION_CONDITIONS = "DEBUG $(inherited)";
				SWIFT_OPTIMIZATION_LEVEL = "-Onone";
			};
			name = Debug;
		};
		8DECD29C2C39518F0046AE74 /* Release */ = {
			isa = XCBuildConfiguration;
			buildSettings = {
				ALWAYS_SEARCH_USER_PATHS = NO;
				ASSETCATALOG_COMPILER_GENERATE_SWIFT_ASSET_SYMBOL_EXTENSIONS = YES;
				CLANG_ANALYZER_NONNULL = YES;
				CLANG_ANALYZER_NUMBER_OBJECT_CONVERSION = YES_AGGRESSIVE;
				CLANG_CXX_LANGUAGE_STANDARD = "gnu++20";
				CLANG_ENABLE_MODULES = YES;
				CLANG_ENABLE_OBJC_ARC = YES;
				CLANG_ENABLE_OBJC_WEAK = YES;
				CLANG_WARN_BLOCK_CAPTURE_AUTORELEASING = YES;
				CLANG_WARN_BOOL_CONVERSION = YES;
				CLANG_WARN_COMMA = YES;
				CLANG_WARN_CONSTANT_CONVERSION = YES;
				CLANG_WARN_DEPRECATED_OBJC_IMPLEMENTATIONS = YES;
				CLANG_WARN_DIRECT_OBJC_ISA_USAGE = YES_ERROR;
				CLANG_WARN_DOCUMENTATION_COMMENTS = YES;
				CLANG_WARN_EMPTY_BODY = YES;
				CLANG_WARN_ENUM_CONVERSION = YES;
				CLANG_WARN_INFINITE_RECURSION = YES;
				CLANG_WARN_INT_CONVERSION = YES;
				CLANG_WARN_NON_LITERAL_NULL_CONVERSION = YES;
				CLANG_WARN_OBJC_IMPLICIT_RETAIN_SELF = YES;
				CLANG_WARN_OBJC_LITERAL_CONVERSION = YES;
				CLANG_WARN_OBJC_ROOT_CLASS = YES_ERROR;
				CLANG_WARN_QUOTED_INCLUDE_IN_FRAMEWORK_HEADER = YES;
				CLANG_WARN_RANGE_LOOP_ANALYSIS = YES;
				CLANG_WARN_STRICT_PROTOTYPES = YES;
				CLANG_WARN_SUSPICIOUS_MOVE = YES;
				CLANG_WARN_UNGUARDED_AVAILABILITY = YES_AGGRESSIVE;
				CLANG_WARN_UNREACHABLE_CODE = YES;
				CLANG_WARN__DUPLICATE_METHOD_MATCH = YES;
				COPY_PHASE_STRIP = NO;
				DEBUG_INFORMATION_FORMAT = "dwarf-with-dsym";
				ENABLE_NS_ASSERTIONS = NO;
				ENABLE_STRICT_OBJC_MSGSEND = YES;
				ENABLE_USER_SCRIPT_SANDBOXING = NO;
				GCC_C_LANGUAGE_STANDARD = gnu17;
				GCC_NO_COMMON_BLOCKS = YES;
				GCC_WARN_64_TO_32_BIT_CONVERSION = YES;
				GCC_WARN_ABOUT_RETURN_TYPE = YES_ERROR;
				GCC_WARN_UNDECLARED_SELECTOR = YES;
				GCC_WARN_UNINITIALIZED_AUTOS = YES_AGGRESSIVE;
				GCC_WARN_UNUSED_FUNCTION = YES;
				GCC_WARN_UNUSED_VARIABLE = YES;
				IPHONEOS_DEPLOYMENT_TARGET = 17.5;
				LOCALIZATION_PREFERS_STRING_CATALOGS = YES;
				MTL_ENABLE_DEBUG_INFO = NO;
				MTL_FAST_MATH = YES;
				SDKROOT = iphoneos;
				SWIFT_COMPILATION_MODE = wholemodule;
				VALIDATE_PRODUCT = YES;
			};
			name = Release;
		};
		8DECD29E2C39518F0046AE74 /* Debug */ = {
			isa = XCBuildConfiguration;
			baseConfigurationReference = 060AAC18AF5D944B83EE3423 /* Pods-testovoe.debug.xcconfig */;
			buildSettings = {
				ASSETCATALOG_COMPILER_APPICON_NAME = AppIcon;
				ASSETCATALOG_COMPILER_GLOBAL_ACCENT_COLOR_NAME = AccentColor;
				CODE_SIGN_STYLE = Automatic;
				CURRENT_PROJECT_VERSION = 1;
				DEVELOPMENT_TEAM = V36RW5TG62;
				GENERATE_INFOPLIST_FILE = YES;
				INFOPLIST_FILE = "testovoe/Supporting Files/Info.plist";
				INFOPLIST_KEY_UIApplicationSupportsIndirectInputEvents = YES;
				INFOPLIST_KEY_UILaunchStoryboardName = LaunchScreen;
				INFOPLIST_KEY_UISupportedInterfaceOrientations_iPad = "UIInterfaceOrientationPortrait UIInterfaceOrientationPortraitUpsideDown UIInterfaceOrientationLandscapeLeft UIInterfaceOrientationLandscapeRight";
				INFOPLIST_KEY_UISupportedInterfaceOrientations_iPhone = "UIInterfaceOrientationPortrait UIInterfaceOrientationLandscapeLeft UIInterfaceOrientationLandscapeRight";
				LD_RUNPATH_SEARCH_PATHS = (
					"$(inherited)",
					"@executable_path/Frameworks",
				);
				MARKETING_VERSION = 1.0;
				PRODUCT_BUNDLE_IDENTIFIER = learning.testovoe;
				PRODUCT_NAME = "$(TARGET_NAME)";
				SWIFT_EMIT_LOC_STRINGS = YES;
				SWIFT_VERSION = 5.0;
				TARGETED_DEVICE_FAMILY = "1,2";
			};
			name = Debug;
		};
		8DECD29F2C39518F0046AE74 /* Release */ = {
			isa = XCBuildConfiguration;
			baseConfigurationReference = DFB53020B00CCEFB46D90E9A /* Pods-testovoe.release.xcconfig */;
			buildSettings = {
				ASSETCATALOG_COMPILER_APPICON_NAME = AppIcon;
				ASSETCATALOG_COMPILER_GLOBAL_ACCENT_COLOR_NAME = AccentColor;
				CODE_SIGN_STYLE = Automatic;
				CURRENT_PROJECT_VERSION = 1;
				DEVELOPMENT_TEAM = V36RW5TG62;
				GENERATE_INFOPLIST_FILE = YES;
				INFOPLIST_FILE = "testovoe/Supporting Files/Info.plist";
				INFOPLIST_KEY_UIApplicationSupportsIndirectInputEvents = YES;
				INFOPLIST_KEY_UILaunchStoryboardName = LaunchScreen;
				INFOPLIST_KEY_UISupportedInterfaceOrientations_iPad = "UIInterfaceOrientationPortrait UIInterfaceOrientationPortraitUpsideDown UIInterfaceOrientationLandscapeLeft UIInterfaceOrientationLandscapeRight";
				INFOPLIST_KEY_UISupportedInterfaceOrientations_iPhone = "UIInterfaceOrientationPortrait UIInterfaceOrientationLandscapeLeft UIInterfaceOrientationLandscapeRight";
				LD_RUNPATH_SEARCH_PATHS = (
					"$(inherited)",
					"@executable_path/Frameworks",
				);
				MARKETING_VERSION = 1.0;
				PRODUCT_BUNDLE_IDENTIFIER = learning.testovoe;
				PRODUCT_NAME = "$(TARGET_NAME)";
				SWIFT_EMIT_LOC_STRINGS = YES;
				SWIFT_VERSION = 5.0;
				TARGETED_DEVICE_FAMILY = "1,2";
			};
			name = Release;
		};
/* End XCBuildConfiguration section */

/* Begin XCConfigurationList section */
		8DECD2842C39518E0046AE74 /* Build configuration list for PBXProject "testovoe" */ = {
			isa = XCConfigurationList;
			buildConfigurations = (
				8DECD29B2C39518F0046AE74 /* Debug */,
				8DECD29C2C39518F0046AE74 /* Release */,
			);
			defaultConfigurationIsVisible = 0;
			defaultConfigurationName = Release;
		};
		8DECD29D2C39518F0046AE74 /* Build configuration list for PBXNativeTarget "testovoe" */ = {
			isa = XCConfigurationList;
			buildConfigurations = (
				8DECD29E2C39518F0046AE74 /* Debug */,
				8DECD29F2C39518F0046AE74 /* Release */,
			);
			defaultConfigurationIsVisible = 0;
			defaultConfigurationName = Release;
		};
/* End XCConfigurationList section */
	};
	rootObject = 8DECD2812C39518E0046AE74 /* Project object */;
}
